// !$*UTF8*$!
{
	archiveVersion = 1;
	classes = {
	};
	objectVersion = 46;
	objects = {

/* Begin PBXBuildFile section */
		7C9D6CFC1DA927B000A02A4D /* AppDelegate.swift in Sources */ = {isa = PBXBuildFile; fileRef = 7C9D6CFB1DA927B000A02A4D /* AppDelegate.swift */; };
		7C9D6CFE1DA927B000A02A4D /* ViewController.swift in Sources */ = {isa = PBXBuildFile; fileRef = 7C9D6CFD1DA927B000A02A4D /* ViewController.swift */; };
		7C9D6D011DA927B000A02A4D /* Main.storyboard in Resources */ = {isa = PBXBuildFile; fileRef = 7C9D6CFF1DA927B000A02A4D /* Main.storyboard */; };
		7C9D6D031DA927B000A02A4D /* Assets.xcassets in Resources */ = {isa = PBXBuildFile; fileRef = 7C9D6D021DA927B000A02A4D /* Assets.xcassets */; };
		7C9D6D061DA927B000A02A4D /* LaunchScreen.storyboard in Resources */ = {isa = PBXBuildFile; fileRef = 7C9D6D041DA927B000A02A4D /* LaunchScreen.storyboard */; };
		7C9D6D251DAA6C9700A02A4D /* CG+Extension.swift in Sources */ = {isa = PBXBuildFile; fileRef = 7C9D6D221DAA6C9700A02A4D /* CG+Extension.swift */; };
		7C9D6D271DAA6C9700A02A4D /* YNTDiagram.swift in Sources */ = {isa = PBXBuildFile; fileRef = 7C9D6D241DAA6C9700A02A4D /* YNTDiagram.swift */; };
		7C9D6D291DAA7A5400A02A4D /* YNTGraphView.swift in Sources */ = {isa = PBXBuildFile; fileRef = 7C9D6D281DAA7A5400A02A4D /* YNTGraphView.swift */; };
/* End PBXBuildFile section */

/* Begin PBXFileReference section */
		7C9D6CF81DA927B000A02A4D /* YNTGraph.app */ = {isa = PBXFileReference; explicitFileType = wrapper.application; includeInIndex = 0; path = YNTGraph.app; sourceTree = BUILT_PRODUCTS_DIR; };
		7C9D6CFB1DA927B000A02A4D /* AppDelegate.swift */ = {isa = PBXFileReference; lastKnownFileType = sourcecode.swift; path = AppDelegate.swift; sourceTree = "<group>"; };
		7C9D6CFD1DA927B000A02A4D /* ViewController.swift */ = {isa = PBXFileReference; lastKnownFileType = sourcecode.swift; path = ViewController.swift; sourceTree = "<group>"; };
		7C9D6D001DA927B000A02A4D /* Base */ = {isa = PBXFileReference; lastKnownFileType = file.storyboard; name = Base; path = Base.lproj/Main.storyboard; sourceTree = "<group>"; };
		7C9D6D021DA927B000A02A4D /* Assets.xcassets */ = {isa = PBXFileReference; lastKnownFileType = folder.assetcatalog; path = Assets.xcassets; sourceTree = "<group>"; };
		7C9D6D051DA927B000A02A4D /* Base */ = {isa = PBXFileReference; lastKnownFileType = file.storyboard; name = Base; path = Base.lproj/LaunchScreen.storyboard; sourceTree = "<group>"; };
		7C9D6D071DA927B000A02A4D /* Info.plist */ = {isa = PBXFileReference; lastKnownFileType = text.plist.xml; path = Info.plist; sourceTree = "<group>"; };
		7C9D6D221DAA6C9700A02A4D /* CG+Extension.swift */ = {isa = PBXFileReference; fileEncoding = 4; lastKnownFileType = sourcecode.swift; path = "CG+Extension.swift"; sourceTree = "<group>"; };
		7C9D6D241DAA6C9700A02A4D /* YNTDiagram.swift */ = {isa = PBXFileReference; fileEncoding = 4; lastKnownFileType = sourcecode.swift; path = YNTDiagram.swift; sourceTree = "<group>"; };
		7C9D6D281DAA7A5400A02A4D /* YNTGraphView.swift */ = {isa = PBXFileReference; fileEncoding = 4; lastKnownFileType = sourcecode.swift; path = YNTGraphView.swift; sourceTree = "<group>"; };
/* End PBXFileReference section */

/* Begin PBXFrameworksBuildPhase section */
		7C9D6CF51DA927B000A02A4D /* Frameworks */ = {
			isa = PBXFrameworksBuildPhase;
			buildActionMask = 2147483647;
			files = (
			);
			runOnlyForDeploymentPostprocessing = 0;
		};
/* End PBXFrameworksBuildPhase section */

/* Begin PBXGroup section */
		7C9D6CEF1DA927B000A02A4D = {
			isa = PBXGroup;
			children = (
				7C9D6CFA1DA927B000A02A4D /* YNTGraph */,
				7C9D6CF91DA927B000A02A4D /* Products */,
			);
			sourceTree = "<group>";
		};
		7C9D6CF91DA927B000A02A4D /* Products */ = {
			isa = PBXGroup;
			children = (
				7C9D6CF81DA927B000A02A4D /* YNTGraph.app */,
			);
			name = Products;
			sourceTree = "<group>";
		};
		7C9D6CFA1DA927B000A02A4D /* YNTGraph */ = {
			isa = PBXGroup;
			children = (
				7C9D6CFB1DA927B000A02A4D /* AppDelegate.swift */,
				7C9D6CFD1DA927B000A02A4D /* ViewController.swift */,
				7C9D6D281DAA7A5400A02A4D /* YNTGraphView.swift */,
				7C9D6D221DAA6C9700A02A4D /* CG+Extension.swift */,
				7C9D6D241DAA6C9700A02A4D /* YNTDiagram.swift */,
				7C9D6CFF1DA927B000A02A4D /* Main.storyboard */,
				7C9D6D021DA927B000A02A4D /* Assets.xcassets */,
				7C9D6D041DA927B000A02A4D /* LaunchScreen.storyboard */,
				7C9D6D071DA927B000A02A4D /* Info.plist */,
			);
			path = YNTGraph;
			sourceTree = "<group>";
		};
/* End PBXGroup section */

/* Begin PBXNativeTarget section */
		7C9D6CF71DA927B000A02A4D /* YNTGraph */ = {
			isa = PBXNativeTarget;
			buildConfigurationList = 7C9D6D0A1DA927B000A02A4D /* Build configuration list for PBXNativeTarget "YNTGraph" */;
			buildPhases = (
				7C9D6CF41DA927B000A02A4D /* Sources */,
				7C9D6CF51DA927B000A02A4D /* Frameworks */,
				7C9D6CF61DA927B000A02A4D /* Resources */,
			);
			buildRules = (
			);
			dependencies = (
			);
			name = YNTGraph;
			productName = YNTGraph;
			productReference = 7C9D6CF81DA927B000A02A4D /* YNTGraph.app */;
			productType = "com.apple.product-type.application";
		};
/* End PBXNativeTarget section */

/* Begin PBXProject section */
		7C9D6CF01DA927B000A02A4D /* Project object */ = {
			isa = PBXProject;
			attributes = {
				LastSwiftUpdateCheck = 0800;
				LastUpgradeCheck = 0800;
				ORGANIZATIONNAME = "bori－applepc";
				TargetAttributes = {
					7C9D6CF71DA927B000A02A4D = {
						CreatedOnToolsVersion = 8.0;
						ProvisioningStyle = Automatic;
					};
				};
			};
			buildConfigurationList = 7C9D6CF31DA927B000A02A4D /* Build configuration list for PBXProject "YNTGraph" */;
			compatibilityVersion = "Xcode 3.2";
			developmentRegion = English;
			hasScannedForEncodings = 0;
			knownRegions = (
				en,
				Base,
			);
			mainGroup = 7C9D6CEF1DA927B000A02A4D;
			productRefGroup = 7C9D6CF91DA927B000A02A4D /* Products */;
			projectDirPath = "";
			projectRoot = "";
			targets = (
				7C9D6CF71DA927B000A02A4D /* YNTGraph */,
			);
		};
/* End PBXProject section */

/* Begin PBXResourcesBuildPhase section */
		7C9D6CF61DA927B000A02A4D /* Resources */ = {
			isa = PBXResourcesBuildPhase;
			buildActionMask = 2147483647;
			files = (
				7C9D6D061DA927B000A02A4D /* LaunchScreen.storyboard in Resources */,
				7C9D6D031DA927B000A02A4D /* Assets.xcassets in Resources */,
				7C9D6D011DA927B000A02A4D /* Main.storyboard in Resources */,
			);
			runOnlyForDeploymentPostprocessing = 0;
		};
/* End PBXResourcesBuildPhase section */

/* Begin PBXSourcesBuildPhase section */
		7C9D6CF41DA927B000A02A4D /* Sources */ = {
			isa = PBXSourcesBuildPhase;
			buildActionMask = 2147483647;
			files = (
				7C9D6CFE1DA927B000A02A4D /* ViewController.swift in Sources */,
				7C9D6CFC1DA927B000A02A4D /* AppDelegate.swift in Sources */,
				7C9D6D251DAA6C9700A02A4D /* CG+Extension.swift in Sources */,
				7C9D6D291DAA7A5400A02A4D /* YNTGraphView.swift in Sources */,
				7C9D6D271DAA6C9700A02A4D /* YNTDiagram.swift in Sources */,
			);
			runOnlyForDeploymentPostprocessing = 0;
		};
/* End PBXSourcesBuildPhase section */

/* Begin PBXVariantGroup section */
		7C9D6CFF1DA927B000A02A4D /* Main.storyboard */ = {
			isa = PBXVariantGroup;
			children = (
				7C9D6D001DA927B000A02A4D /* Base */,
			);
			name = Main.storyboard;
			sourceTree = "<group>";
		};
		7C9D6D041DA927B000A02A4D /* LaunchScreen.storyboard */ = {
			isa = PBXVariantGroup;
			children = (
				7C9D6D051DA927B000A02A4D /* Base */,
			);
			name = LaunchScreen.storyboard;
			sourceTree = "<group>";
		};
/* End PBXVariantGroup section */

/* Begin XCBuildConfiguration section */
		7C9D6D081DA927B000A02A4D /* Debug */ = {
			isa = XCBuildConfiguration;
			buildSettings = {
				ALWAYS_SEARCH_USER_PATHS = NO;
				CLANG_ANALYZER_NONNULL = YES;
				CLANG_CXX_LANGUAGE_STANDARD = "gnu++0x";
				CLANG_CXX_LIBRARY = "libc++";
				CLANG_ENABLE_MODULES = YES;
				CLANG_ENABLE_OBJC_ARC = YES;
				CLANG_WARN_BOOL_CONVERSION = YES;
				CLANG_WARN_CONSTANT_CONVERSION = YES;
				CLANG_WARN_DIRECT_OBJC_ISA_USAGE = YES_ERROR;
				CLANG_WARN_DOCUMENTATION_COMMENTS = YES;
				CLANG_WARN_EMPTY_BODY = YES;
				CLANG_WARN_ENUM_CONVERSION = YES;
				CLANG_WARN_INFINITE_RECURSION = YES;
				CLANG_WARN_INT_CONVERSION = YES;
				CLANG_WARN_OBJC_ROOT_CLASS = YES_ERROR;
				CLANG_WARN_SUSPICIOUS_MOVES = YES;
				CLANG_WARN_UNREACHABLE_CODE = YES;
				CLANG_WARN__DUPLICATE_METHOD_MATCH = YES;
				"CODE_SIGN_IDENTITY[sdk=iphoneos*]" = "iPhone Developer";
				COPY_PHASE_STRIP = NO;
				DEBUG_INFORMATION_FORMAT = dwarf;
				ENABLE_STRICT_OBJC_MSGSEND = YES;
				ENABLE_TESTABILITY = YES;
				GCC_C_LANGUAGE_STANDARD = gnu99;
				GCC_DYNAMIC_NO_PIC = NO;
				GCC_NO_COMMON_BLOCKS = YES;
				GCC_OPTIMIZATION_LEVEL = 0;
				GCC_PREPROCESSOR_DEFINITIONS = (
					"DEBUG=1",
					"$(inherited)",
				);
				GCC_WARN_64_TO_32_BIT_CONVERSION = YES;
				GCC_WARN_ABOUT_RETURN_TYPE = YES_ERROR;
				GCC_WARN_UNDECLARED_SELECTOR = YES;
				GCC_WARN_UNINITIALIZED_AUTOS = YES_AGGRESSIVE;
				GCC_WARN_UNUSED_FUNCTION = YES;
				GCC_WARN_UNUSED_VARIABLE = YES;
				IPHONEOS_DEPLOYMENT_TARGET = 10.0;
				MTL_ENABLE_DEBUG_INFO = YES;
				ONLY_ACTIVE_ARCH = YES;
				SDKROOT = iphoneos;
				SWIFT_ACTIVE_COMPILATION_CONDITIONS = DEBUG;
				SWIFT_OPTIMIZATION_LEVEL = "-Onone";
				TARGETED_DEVICE_FAMILY = "1,2";
			};
			name = Debug;
		};
		7C9D6D091DA927B000A02A4D /* Release */ = {
			isa = XCBuildConfiguration;
			buildSettings = {
				ALWAYS_SEARCH_USER_PATHS = NO;
				CLANG_ANALYZER_NONNULL = YES;
				CLANG_CXX_LANGUAGE_STANDARD = "gnu++0x";
				CLANG_CXX_LIBRARY = "libc++";
				CLANG_ENABLE_MODULES = YES;
				CLANG_ENABLE_OBJC_ARC = YES;
				CLANG_WARN_BOOL_CONVERSION = YES;
				CLANG_WARN_CONSTANT_CONVERSION = YES;
				CLANG_WARN_DIRECT_OBJC_ISA_USAGE = YES_ERROR;
				CLANG_WARN_DOCUMENTATION_COMMENTS = YES;
				CLANG_WARN_EMPTY_BODY = YES;
				CLANG_WARN_ENUM_CONVERSION = YES;
				CLANG_WARN_INFINITE_RECURSION = YES;
				CLANG_WARN_INT_CONVERSION = YES;
				CLANG_WARN_OBJC_ROOT_CLASS = YES_ERROR;
				CLANG_WARN_SUSPICIOUS_MOVES = YES;
				CLANG_WARN_UNREACHABLE_CODE = YES;
				CLANG_WARN__DUPLICATE_METHOD_MATCH = YES;
				"CODE_SIGN_IDENTITY[sdk=iphoneos*]" = "iPhone Developer";
				COPY_PHASE_STRIP = NO;
				DEBUG_INFORMATION_FORMAT = "dwarf-with-dsym";
				ENABLE_NS_ASSERTIONS = NO;
				ENABLE_STRICT_OBJC_MSGSEND = YES;
				GCC_C_LANGUAGE_STANDARD = gnu99;
				GCC_NO_COMMON_BLOCKS = YES;
				GCC_WARN_64_TO_32_BIT_CONVERSION = YES;
				GCC_WARN_ABOUT_RETURN_TYPE = YES_ERROR;
				GCC_WARN_UNDECLARED_SELECTOR = YES;
				GCC_WARN_UNINITIALIZED_AUTOS = YES_AGGRESSIVE;
				GCC_WARN_UNUSED_FUNCTION = YES;
				GCC_WARN_UNUSED_VARIABLE = YES;
				IPHONEOS_DEPLOYMENT_TARGET = 10.0;
				MTL_ENABLE_DEBUG_INFO = NO;
				SDKROOT = iphoneos;
				SWIFT_OPTIMIZATION_LEVEL = "-Owholemodule";
				TARGETED_DEVICE_FAMILY = "1,2";
				VALIDATE_PRODUCT = YES;
			};
			name = Release;
		};
		7C9D6D0B1DA927B000A02A4D /* Debug */ = {
			isa = XCBuildConfiguration;
			buildSettings = {
				ASSETCATALOG_COMPILER_APPICON_NAME = AppIcon;
				INFOPLIST_FILE = YNTGraph/Info.plist;
				LD_RUNPATH_SEARCH_PATHS = "$(inherited) @executable_path/Frameworks";
				PRODUCT_BUNDLE_IDENTIFIER = www.kaoxve.com.YNTGraph;
				PRODUCT_NAME = "$(TARGET_NAME)";
				SWIFT_VERSION = 3.0;
			};
			name = Debug;
		};
		7C9D6D0C1DA927B000A02A4D /* Release */ = {
			isa = XCBuildConfiguration;
			buildSettings = {
				ASSETCATALOG_COMPILER_APPICON_NAME = AppIcon;
				INFOPLIST_FILE = YNTGraph/Info.plist;
				LD_RUNPATH_SEARCH_PATHS = "$(inherited) @executable_path/Frameworks";
				PRODUCT_BUNDLE_IDENTIFIER = www.kaoxve.com.YNTGraph;
				PRODUCT_NAME = "$(TARGET_NAME)";
				SWIFT_VERSION = 3.0;
			};
			name = Release;
		};
/* End XCBuildConfiguration section */

/* Begin XCConfigurationList section */
		7C9D6CF31DA927B000A02A4D /* Build configuration list for PBXProject "YNTGraph" */ = {
			isa = XCConfigurationList;
			buildConfigurations = (
				7C9D6D081DA927B000A02A4D /* Debug */,
				7C9D6D091DA927B000A02A4D /* Release */,
			);
			defaultConfigurationIsVisible = 0;
			defaultConfigurationName = Release;
		};
		7C9D6D0A1DA927B000A02A4D /* Build configuration list for PBXNativeTarget "YNTGraph" */ = {
			isa = XCConfigurationList;
			buildConfigurations = (
				7C9D6D0B1DA927B000A02A4D /* Debug */,
				7C9D6D0C1DA927B000A02A4D /* Release */,
			);
			defaultConfigurationIsVisible = 0;
			defaultConfigurationName = Release;
		};
/* End XCConfigurationList section */
	};
	rootObject = 7C9D6CF01DA927B000A02A4D /* Project object */;
}
